
Microsoft Visual Studio Solution File, Format Version 12.00
# Visual Studio Version 16
VisualStudioVersion = 16.0.31005.135
MinimumVisualStudioVersion = 10.0.40219.1
Project("{9A19103F-16F7-4668-BE54-9A1E7A4F7556}") = "FootballWCSB", "FootballWCSB.csproj", "{752D91B1-DE11-4FEE-90A8-02404E556FEF}"
EndProject
Project("{9A19103F-16F7-4668-BE54-9A1E7A4F7556}") = "Main", "..\Main\Main.csproj", "{312E4538-01BF-4AF8-9878-64C0FDB8E75D}"
EndProject
Global
	GlobalSection(SolutionConfigurationPlatforms) = preSolution
		Debug|Any CPU = Debug|Any CPU
		Release|Any CPU = Release|Any CPU
	EndGlobalSection
	GlobalSection(ProjectConfigurationPlatforms) = postSolution
		{752D91B1-DE11-4FEE-90A8-02404E556FEF}.Debug|Any CPU.ActiveCfg = Debug|Any CPU
		{752D91B1-DE11-4FEE-90A8-02404E556FEF}.Debug|Any CPU.Build.0 = Debug|Any CPU
		{752D91B1-DE11-4FEE-90A8-02404E556FEF}.Release|Any CPU.ActiveCfg = Release|Any CPU
		{752D91B1-DE11-4FEE-90A8-02404E556FEF}.Release|Any CPU.Build.0 = Release|Any CPU
		{312E4538-01BF-4AF8-9878-64C0FDB8E75D}.Debug|Any CPU.ActiveCfg = Debug|Any CPU
		{312E4538-01BF-4AF8-9878-64C0FDB8E75D}.Debug|Any CPU.Build.0 = Debug|Any CPU
		{312E4538-01BF-4AF8-9878-64C0FDB8E75D}.Release|Any CPU.ActiveCfg = Release|Any CPU
		{312E4538-01BF-4AF8-9878-64C0FDB8E75D}.Release|Any CPU.Build.0 = Release|Any CPU
	EndGlobalSection
	GlobalSection(SolutionProperties) = preSolution
		HideSolutionNode = FALSE
	EndGlobalSection
	GlobalSection(ExtensibilityGlobals) = postSolution
		SolutionGuid = {D5294908-56BB-40A6-AC4F-381A7F553B04}
	EndGlobalSection
EndGlobal
